<?xml version="1.0" encoding="utf-8"?>
<Project ToolsVersion="4.0" xmlns="http://schemas.microsoft.com/developer/msbuild/2003">
  <ItemGroup>
    <Filter Include="include">
      <UniqueIdentifier>{ff76d31f-3d8e-4037-a1e8-563e1615a245}</UniqueIdentifier>
    </Filter>
    <Filter Include="source">
      <UniqueIdentifier>{0db19d6c-7ac4-4094-a94d-5728ad49d46a}</UniqueIdentifier>
    </Filter>
    <Filter Include="app">
      <UniqueIdentifier>{1d6bffaa-214e-49cb-abf0-48bb79e7cada}</UniqueIdentifier>
    </Filter>
    <Filter Include="shaders">
      <UniqueIdentifier>{b2711004-bea7-4262-b711-f875be26c7e6}</UniqueIdentifier>
    </Filter>
  </ItemGroup>
  <ItemGroup>
    <ClCompile Include="..\app\main.cpp">
      <Filter>app</Filter>
    </ClCompile>
    <ClCompile Include="..\src\BattleField.cpp">
      <Filter>source</Filter>
    </ClCompile>
    <ClCompile Include="..\src\Camera.cpp">
      <Filter>source</Filter>
    </ClCompile>
    <ClCompile Include="..\src\GameManager.cpp">
      <Filter>source</Filter>
    </ClCompile>
    <ClCompile Include="..\src\SceneObject.cpp">
      <Filter>source</Filter>
    </ClCompile>
    <ClCompile Include="..\src\SpaceShip.cpp">
      <Filter>source</Filter>
    </ClCompile>
    <ClCompile Include="..\src\Enemy.cpp">
      <Filter>source</Filter>
    </ClCompile>
    <ClCompile Include="..\src\Weapon.cpp">
      <Filter>source</Filter>
    </ClCompile>
    <ClCompile Include="..\src\Bullets.cpp">
      <Filter>source</Filter>
    </ClCompile>
    <ClCompile Include="..\src\Laser.cpp">
      <Filter>source</Filter>
    </ClCompile>
    <ClCompile Include="..\src\ParticlesEngineClass.cpp">
      <Filter>source</Filter>
    </ClCompile>
    <ClCompile Include="..\src\ParticlesClass.cpp">
      <Filter>source</Filter>
    </ClCompile>
    <ClCompile Include="..\src\MachineGun.cpp">
      <Filter>source</Filter>
    </ClCompile>
    <ClCompile Include="..\src\BMPLoader.cpp">
      <Filter>source</Filter>
    </ClCompile>
    <ClCompile Include="..\src\shader.cpp">
      <Filter>source</Filter>
    </ClCompile>
  </ItemGroup>
  <ItemGroup>
    <ClInclude Include="..\include\BattleField.hpp">
      <Filter>include</Filter>
    </ClInclude>
    <ClInclude Include="..\include\Camera.hpp">
      <Filter>include</Filter>
    </ClInclude>
    <ClInclude Include="..\include\Clock.hpp">
      <Filter>include</Filter>
    </ClInclude>
    <ClInclude Include="..\include\FpsCounter.hpp">
      <Filter>include</Filter>
    </ClInclude>
    <ClInclude Include="..\include\GameManager.hpp">
      <Filter>include</Filter>
    </ClInclude>
    <ClInclude Include="..\include\Input.hpp">
      <Filter>include</Filter>
    </ClInclude>
    <ClInclude Include="..\include\SceneObject.hpp">
      <Filter>include</Filter>
    </ClInclude>
    <ClInclude Include="..\include\SpaceShip.hpp">
      <Filter>include</Filter>
    </ClInclude>
    <ClInclude Include="..\include\Enemy.h">
      <Filter>include</Filter>
    </ClInclude>
    <ClInclude Include="..\include\Weapon.h">
      <Filter>include</Filter>
    </ClInclude>
    <ClInclude Include="..\include\Bullets.h">
      <Filter>include</Filter>
    </ClInclude>
    <ClInclude Include="..\include\Laser.h">
      <Filter>include</Filter>
    </ClInclude>
    <ClInclude Include="..\include\ParticlesEngineClass.h">
      <Filter>include</Filter>
    </ClInclude>
    <ClInclude Include="..\include\ParticlesClass.h">
      <Filter>include</Filter>
    </ClInclude>
    <ClInclude Include="..\include\MachineGun.h">
      <Filter>include</Filter>
    </ClInclude>
    <ClInclude Include="..\include\BMPLoader.h">
      <Filter>include</Filter>
    </ClInclude>
    <ClInclude Include="..\include\ShaderTest.h">
      <Filter>include</Filter>
    </ClInclude>
  </ItemGroup>
  <ItemGroup>
    <None Include="..\shaders\fixed.frag">
      <Filter>shaders</Filter>
    </None>
    <None Include="..\shaders\fixed.vert">
      <Filter>shaders</Filter>
    </None>
    <None Include="..\shaders\phong.frag">
      <Filter>shaders</Filter>
    </None>
    <None Include="..\shaders\phong.vert">
      <Filter>shaders</Filter>
    </None>
    <None Include="..\shaders\red.frag">
      <Filter>shaders</Filter>
    </None>
    <None Include="..\shaders\red.vert">
      <Filter>shaders</Filter>
    </None>
    <None Include="..\shaders\reflection.frag">
      <Filter>shaders</Filter>
    </None>
    <None Include="..\shaders\reflection.vert">
      <Filter>shaders</Filter>
    </None>
    <None Include="..\shaders\brick.frag">
      <Filter>shaders</Filter>
    </None>
    <None Include="..\shaders\brick.vert">
      <Filter>shaders</Filter>
    </None>
  </ItemGroup>
</Project>